
Microsoft Visual Studio Solution File, Format Version 12.00
# Visual Studio Version 16
VisualStudioVersion = 16.0.31313.79
MinimumVisualStudioVersion = 10.0.40219.1
Project("{FAE04EC0-301F-11D3-BF4B-00C04F79EFBC}") = "ArianaRiseConstructionCompany", "ArianaRiseConstructionCompany\ArianaRiseConstructionCompany.csproj", "{AF9BD33E-9ED0-49D2-8D8E-9ABE99E4CE97}"
EndProject
Global
	GlobalSection(SolutionConfigurationPlatforms) = preSolution
		Debug|Any CPU = Debug|Any CPU
		Release|Any CPU = Release|Any CPU
	EndGlobalSection
	GlobalSection(ProjectConfigurationPlatforms) = postSolution
		{AF9BD33E-9ED0-49D2-8D8E-9ABE99E4CE97}.Debug|Any CPU.ActiveCfg = Debug|Any CPU
		{AF9BD33E-9ED0-49D2-8D8E-9ABE99E4CE97}.Debug|Any CPU.Build.0 = Debug|Any CPU
		{AF9BD33E-9ED0-49D2-8D8E-9ABE99E4CE97}.Release|Any CPU.ActiveCfg = Release|Any CPU
		{AF9BD33E-9ED0-49D2-8D8E-9ABE99E4CE97}.Release|Any CPU.Build.0 = Release|Any CPU
	EndGlobalSection
	GlobalSection(SolutionProperties) = preSolution
		HideSolutionNode = FALSE
	EndGlobalSection
	GlobalSection(ExtensibilityGlobals) = postSolution
		SolutionGuid = {D84CDFF9-10E5-4B7E-8952-4C5A031F17FD}
	EndGlobalSection
EndGlobal
